
Microsoft Visual Studio Solution File, Format Version 12.00
# Visual Studio 15
VisualStudioVersion = 15.0.28307.271
MinimumVisualStudioVersion = 10.0.40219.1
Project("{FAE04EC0-301F-11D3-BF4B-00C04F79EFBC}") = "DemoIMC.Android", "DemoIMC\DemoIMC.Android\DemoIMC.Android.csproj", "{1ABF2247-A3AC-43CB-8C85-9452EFCA789E}"
EndProject
Project("{FAE04EC0-301F-11D3-BF4B-00C04F79EFBC}") = "DemoIMC.iOS", "DemoIMC\DemoIMC.iOS\DemoIMC.iOS.csproj", "{BAE7804E-9008-4010-A110-B815AFFEEDAD}"
EndProject
Project("{FAE04EC0-301F-11D3-BF4B-00C04F79EFBC}") = "DemoIMC.UWP", "DemoIMC\DemoIMC.UWP\DemoIMC.UWP.csproj", "{5B34F48E-62FD-49CB-8BA1-D993295964FA}"
EndProject
Project("{FAE04EC0-301F-11D3-BF4B-00C04F79EFBC}") = "DemoIMC", "DemoIMC\DemoIMC\DemoIMC.csproj", "{4E155BDB-E084-45D4-A82A-1A34438C75DE}"
EndProject
Global
	GlobalSection(SolutionConfigurationPlatforms) = preSolution
		Ad-Hoc|Any CPU = Ad-Hoc|Any CPU
		Ad-Hoc|ARM = Ad-Hoc|ARM
		Ad-Hoc|iPhone = Ad-Hoc|iPhone
		Ad-Hoc|iPhoneSimulator = Ad-Hoc|iPhoneSimulator
		Ad-Hoc|x64 = Ad-Hoc|x64
		Ad-Hoc|x86 = Ad-Hoc|x86
		AppStore|Any CPU = AppStore|Any CPU
		AppStore|ARM = AppStore|ARM
		AppStore|iPhone = AppStore|iPhone
		AppStore|iPhoneSimulator = AppStore|iPhoneSimulator
		AppStore|x64 = AppStore|x64
		AppStore|x86 = AppStore|x86
		Debug|Any CPU = Debug|Any CPU
		Debug|ARM = Debug|ARM
		Debug|iPhone = Debug|iPhone
		Debug|iPhoneSimulator = Debug|iPhoneSimulator
		Debug|x64 = Debug|x64
		Debug|x86 = Debug|x86
		Release|Any CPU = Release|Any CPU
		Release|ARM = Release|ARM
		Release|iPhone = Release|iPhone
		Release|iPhoneSimulator = Release|iPhoneSimulator
		Release|x64 = Release|x64
		Release|x86 = Release|x86
	EndGlobalSection
	GlobalSection(ProjectConfigurationPlatforms) = postSolution
		{1ABF2247-A3AC-43CB-8C85-9452EFCA789E}.Ad-Hoc|Any CPU.ActiveCfg = Release|Any CPU
		{1ABF2247-A3AC-43CB-8C85-9452EFCA789E}.Ad-Hoc|Any CPU.Build.0 = Release|Any CPU
		{1ABF2247-A3AC-43CB-8C85-9452EFCA789E}.Ad-Hoc|Any CPU.Deploy.0 = Release|Any CPU
		{1ABF2247-A3AC-43CB-8C85-9452EFCA789E}.Ad-Hoc|ARM.ActiveCfg = Release|Any CPU
		{1ABF2247-A3AC-43CB-8C85-9452EFCA789E}.Ad-Hoc|ARM.Build.0 = Release|Any CPU
		{1ABF2247-A3AC-43CB-8C85-9452EFCA789E}.Ad-Hoc|ARM.Deploy.0 = Release|Any CPU
		{1ABF2247-A3AC-43CB-8C85-9452EFCA789E}.Ad-Hoc|iPhone.ActiveCfg = Release|Any CPU
		{1ABF2247-A3AC-43CB-8C85-9452EFCA789E}.Ad-Hoc|iPhone.Build.0 = Release|Any CPU
		{1ABF2247-A3AC-43CB-8C85-9452EFCA789E}.Ad-Hoc|iPhone.Deploy.0 = Release|Any CPU
		{1ABF2247-A3AC-43CB-8C85-9452EFCA789E}.Ad-Hoc|iPhoneSimulator.ActiveCfg = Release|Any CPU
		{1ABF2247-A3AC-43CB-8C85-9452EFCA789E}.Ad-Hoc|iPhoneSimulator.Build.0 = Release|Any CPU
		{1ABF2247-A3AC-43CB-8C85-9452EFCA789E}.Ad-Hoc|iPhoneSimulator.Deploy.0 = Release|Any CPU
		{1ABF2247-A3AC-43CB-8C85-9452EFCA789E}.Ad-Hoc|x64.ActiveCfg = Release|Any CPU
		{1ABF2247-A3AC-43CB-8C85-9452EFCA789E}.Ad-Hoc|x64.Build.0 = Release|Any CPU
		{1ABF2247-A3AC-43CB-8C85-9452EFCA789E}.Ad-Hoc|x64.Deploy.0 = Release|Any CPU
		{1ABF2247-A3AC-43CB-8C85-9452EFCA789E}.Ad-Hoc|x86.ActiveCfg = Release|Any CPU
		{1ABF2247-A3AC-43CB-8C85-9452EFCA789E}.Ad-Hoc|x86.Build.0 = Release|Any CPU
		{1ABF2247-A3AC-43CB-8C85-9452EFCA789E}.Ad-Hoc|x86.Deploy.0 = Release|Any CPU
		{1ABF2247-A3AC-43CB-8C85-9452EFCA789E}.AppStore|Any CPU.ActiveCfg = Release|Any CPU
		{1ABF2247-A3AC-43CB-8C85-9452EFCA789E}.AppStore|Any CPU.Build.0 = Release|Any CPU
		{1ABF2247-A3AC-43CB-8C85-9452EFCA789E}.AppStore|Any CPU.Deploy.0 = Release|Any CPU
		{1ABF2247-A3AC-43CB-8C85-9452EFCA789E}.AppStore|ARM.ActiveCfg = Release|Any CPU
		{1ABF2247-A3AC-43CB-8C85-9452EFCA789E}.AppStore|ARM.Build.0 = Release|Any CPU
		{1ABF2247-A3AC-43CB-8C85-9452EFCA789E}.AppStore|ARM.Deploy.0 = Release|Any CPU
		{1ABF2247-A3AC-43CB-8C85-9452EFCA789E}.AppStore|iPhone.ActiveCfg = Release|Any CPU
		{1ABF2247-A3AC-43CB-8C85-9452EFCA789E}.AppStore|iPhone.Build.0 = Release|Any CPU
		{1ABF2247-A3AC-43CB-8C85-9452EFCA789E}.AppStore|iPhone.Deploy.0 = Release|Any CPU
		{1ABF2247-A3AC-43CB-8C85-9452EFCA789E}.AppStore|iPhoneSimulator.ActiveCfg = Release|Any CPU
		{1ABF2247-A3AC-43CB-8C85-9452EFCA789E}.AppStore|iPhoneSimulator.Build.0 = Release|Any CPU
		{1ABF2247-A3AC-43CB-8C85-9452EFCA789E}.AppStore|iPhoneSimulator.Deploy.0 = Release|Any CPU
		{1ABF2247-A3AC-43CB-8C85-9452EFCA789E}.AppStore|x64.ActiveCfg = Release|Any CPU
		{1ABF2247-A3AC-43CB-8C85-9452EFCA789E}.AppStore|x64.Build.0 = Release|Any CPU
		{1ABF2247-A3AC-43CB-8C85-9452EFCA789E}.AppStore|x64.Deploy.0 = Release|Any CPU
		{1ABF2247-A3AC-43CB-8C85-9452EFCA789E}.AppStore|x86.ActiveCfg = Release|Any CPU
		{1ABF2247-A3AC-43CB-8C85-9452EFCA789E}.AppStore|x86.Build.0 = Release|Any CPU
		{1ABF2247-A3AC-43CB-8C85-9452EFCA789E}.AppStore|x86.Deploy.0 = Release|Any CPU
		{1ABF2247-A3AC-43CB-8C85-9452EFCA789E}.Debug|Any CPU.ActiveCfg = Debug|Any CPU
		{1ABF2247-A3AC-43CB-8C85-9452EFCA789E}.Debug|Any CPU.Build.0 = Debug|Any CPU
		{1ABF2247-A3AC-43CB-8C85-9452EFCA789E}.Debug|Any CPU.Deploy.0 = Debug|Any CPU
		{1ABF2247-A3AC-43CB-8C85-9452EFCA789E}.Debug|ARM.ActiveCfg = Debug|Any CPU
		{1ABF2247-A3AC-43CB-8C85-9452EFCA789E}.Debug|ARM.Build.0 = Debug|Any CPU
		{1ABF2247-A3AC-43CB-8C85-9452EFCA789E}.Debug|ARM.Deploy.0 = Debug|Any CPU
		{1ABF2247-A3AC-43CB-8C85-9452EFCA789E}.Debug|iPhone.ActiveCfg = Debug|Any CPU
		{1ABF2247-A3AC-43CB-8C85-9452EFCA789E}.Debug|iPhone.Build.0 = Debug|Any CPU
		{1ABF2247-A3AC-43CB-8C85-9452EFCA789E}.Debug|iPhone.Deploy.0 = Debug|Any CPU
		{1ABF2247-A3AC-43CB-8C85-9452EFCA789E}.Debug|iPhoneSimulator.ActiveCfg = Debug|Any CPU
		{1ABF2247-A3AC-43CB-8C85-9452EFCA789E}.Debug|iPhoneSimulator.Build.0 = Debug|Any CPU
		{1ABF2247-A3AC-43CB-8C85-9452EFCA789E}.Debug|iPhoneSimulator.Deploy.0 = Debug|Any CPU
		{1ABF2247-A3AC-43CB-8C85-9452EFCA789E}.Debug|x64.ActiveCfg = Debug|Any CPU
		{1ABF2247-A3AC-43CB-8C85-9452EFCA789E}.Debug|x64.Build.0 = Debug|Any CPU
		{1ABF2247-A3AC-43CB-8C85-9452EFCA789E}.Debug|x64.Deploy.0 = Debug|Any CPU
		{1ABF2247-A3AC-43CB-8C85-9452EFCA789E}.Debug|x86.ActiveCfg = Debug|Any CPU
		{1ABF2247-A3AC-43CB-8C85-9452EFCA789E}.Debug|x86.Build.0 = Debug|Any CPU
		{1ABF2247-A3AC-43CB-8C85-9452EFCA789E}.Debug|x86.Deploy.0 = Debug|Any CPU
		{1ABF2247-A3AC-43CB-8C85-9452EFCA789E}.Release|Any CPU.ActiveCfg = Release|Any CPU
		{1ABF2247-A3AC-43CB-8C85-9452EFCA789E}.Release|Any CPU.Build.0 = Release|Any CPU
		{1ABF2247-A3AC-43CB-8C85-9452EFCA789E}.Release|Any CPU.Deploy.0 = Release|Any CPU
		{1ABF2247-A3AC-43CB-8C85-9452EFCA789E}.Release|ARM.ActiveCfg = Release|Any CPU
		{1ABF2247-A3AC-43CB-8C85-9452EFCA789E}.Release|ARM.Build.0 = Release|Any CPU
		{1ABF2247-A3AC-43CB-8C85-9452EFCA789E}.Release|ARM.Deploy.0 = Release|Any CPU
		{1ABF2247-A3AC-43CB-8C85-9452EFCA789E}.Release|iPhone.ActiveCfg = Release|Any CPU
		{1ABF2247-A3AC-43CB-8C85-9452EFCA789E}.Release|iPhone.Build.0 = Release|Any CPU
		{1ABF2247-A3AC-43CB-8C85-9452EFCA789E}.Release|iPhone.Deploy.0 = Release|Any CPU
		{1ABF2247-A3AC-43CB-8C85-9452EFCA789E}.Release|iPhoneSimulator.ActiveCfg = Release|Any CPU
		{1ABF2247-A3AC-43CB-8C85-9452EFCA789E}.Release|iPhoneSimulator.Build.0 = Release|Any CPU
		{1ABF2247-A3AC-43CB-8C85-9452EFCA789E}.Release|iPhoneSimulator.Deploy.0 = Release|Any CPU
		{1ABF2247-A3AC-43CB-8C85-9452EFCA789E}.Release|x64.ActiveCfg = Release|Any CPU
		{1ABF2247-A3AC-43CB-8C85-9452EFCA789E}.Release|x64.Build.0 = Release|Any CPU
		{1ABF2247-A3AC-43CB-8C85-9452EFCA789E}.Release|x64.Deploy.0 = Release|Any CPU
		{1ABF2247-A3AC-43CB-8C85-9452EFCA789E}.Release|x86.ActiveCfg = Release|Any CPU
		{1ABF2247-A3AC-43CB-8C85-9452EFCA789E}.Release|x86.Build.0 = Release|Any CPU
		{1ABF2247-A3AC-43CB-8C85-9452EFCA789E}.Release|x86.Deploy.0 = Release|Any CPU
		{BAE7804E-9008-4010-A110-B815AFFEEDAD}.Ad-Hoc|Any CPU.ActiveCfg = Ad-Hoc|iPhone
		{BAE7804E-9008-4010-A110-B815AFFEEDAD}.Ad-Hoc|Any CPU.Build.0 = Ad-Hoc|iPhone
		{BAE7804E-9008-4010-A110-B815AFFEEDAD}.Ad-Hoc|Any CPU.Deploy.0 = Ad-Hoc|iPhone
		{BAE7804E-9008-4010-A110-B815AFFEEDAD}.Ad-Hoc|ARM.ActiveCfg = Ad-Hoc|iPhone
		{BAE7804E-9008-4010-A110-B815AFFEEDAD}.Ad-Hoc|ARM.Build.0 = Ad-Hoc|iPhone
		{BAE7804E-9008-4010-A110-B815AFFEEDAD}.Ad-Hoc|ARM.Deploy.0 = Ad-Hoc|iPhone
		{BAE7804E-9008-4010-A110-B815AFFEEDAD}.Ad-Hoc|iPhone.ActiveCfg = Ad-Hoc|iPhone
		{BAE7804E-9008-4010-A110-B815AFFEEDAD}.Ad-Hoc|iPhone.Build.0 = Ad-Hoc|iPhone
		{BAE7804E-9008-4010-A110-B815AFFEEDAD}.Ad-Hoc|iPhone.Deploy.0 = Ad-Hoc|iPhone
		{BAE7804E-9008-4010-A110-B815AFFEEDAD}.Ad-Hoc|iPhoneSimulator.ActiveCfg = Ad-Hoc|iPhoneSimulator
		{BAE7804E-9008-4010-A110-B815AFFEEDAD}.Ad-Hoc|iPhoneSimulator.Build.0 = Ad-Hoc|iPhoneSimulator
		{BAE7804E-9008-4010-A110-B815AFFEEDAD}.Ad-Hoc|iPhoneSimulator.Deploy.0 = Ad-Hoc|iPhoneSimulator
		{BAE7804E-9008-4010-A110-B815AFFEEDAD}.Ad-Hoc|x64.ActiveCfg = Ad-Hoc|iPhone
		{BAE7804E-9008-4010-A110-B815AFFEEDAD}.Ad-Hoc|x64.Build.0 = Ad-Hoc|iPhone
		{BAE7804E-9008-4010-A110-B815AFFEEDAD}.Ad-Hoc|x64.Deploy.0 = Ad-Hoc|iPhone
		{BAE7804E-9008-4010-A110-B815AFFEEDAD}.Ad-Hoc|x86.ActiveCfg = Ad-Hoc|iPhone
		{BAE7804E-9008-4010-A110-B815AFFEEDAD}.Ad-Hoc|x86.Build.0 = Ad-Hoc|iPhone
		{BAE7804E-9008-4010-A110-B815AFFEEDAD}.Ad-Hoc|x86.Deploy.0 = Ad-Hoc|iPhone
		{BAE7804E-9008-4010-A110-B815AFFEEDAD}.AppStore|Any CPU.ActiveCfg = AppStore|iPhone
		{BAE7804E-9008-4010-A110-B815AFFEEDAD}.AppStore|Any CPU.Build.0 = AppStore|iPhone
		{BAE7804E-9008-4010-A110-B815AFFEEDAD}.AppStore|Any CPU.Deploy.0 = AppStore|iPhone
		{BAE7804E-9008-4010-A110-B815AFFEEDAD}.AppStore|ARM.ActiveCfg = AppStore|iPhone
		{BAE7804E-9008-4010-A110-B815AFFEEDAD}.AppStore|ARM.Build.0 = AppStore|iPhone
		{BAE7804E-9008-4010-A110-B815AFFEEDAD}.AppStore|ARM.Deploy.0 = AppStore|iPhone
		{BAE7804E-9008-4010-A110-B815AFFEEDAD}.AppStore|iPhone.ActiveCfg = AppStore|iPhone
		{BAE7804E-9008-4010-A110-B815AFFEEDAD}.AppStore|iPhone.Build.0 = AppStore|iPhone
		{BAE7804E-9008-4010-A110-B815AFFEEDAD}.AppStore|iPhone.Deploy.0 = AppStore|iPhone
		{BAE7804E-9008-4010-A110-B815AFFEEDAD}.AppStore|iPhoneSimulator.ActiveCfg = AppStore|iPhoneSimulator
		{BAE7804E-9008-4010-A110-B815AFFEEDAD}.AppStore|iPhoneSimulator.Build.0 = AppStore|iPhoneSimulator
		{BAE7804E-9008-4010-A110-B815AFFEEDAD}.AppStore|iPhoneSimulator.Deploy.0 = AppStore|iPhoneSimulator
		{BAE7804E-9008-4010-A110-B815AFFEEDAD}.AppStore|x64.ActiveCfg = AppStore|iPhone
		{BAE7804E-9008-4010-A110-B815AFFEEDAD}.AppStore|x64.Build.0 = AppStore|iPhone
		{BAE7804E-9008-4010-A110-B815AFFEEDAD}.AppStore|x64.Deploy.0 = AppStore|iPhone
		{BAE7804E-9008-4010-A110-B815AFFEEDAD}.AppStore|x86.ActiveCfg = AppStore|iPhone
		{BAE7804E-9008-4010-A110-B815AFFEEDAD}.AppStore|x86.Build.0 = AppStore|iPhone
		{BAE7804E-9008-4010-A110-B815AFFEEDAD}.AppStore|x86.Deploy.0 = AppStore|iPhone
		{BAE7804E-9008-4010-A110-B815AFFEEDAD}.Debug|Any CPU.ActiveCfg = Debug|iPhoneSimulator
		{BAE7804E-9008-4010-A110-B815AFFEEDAD}.Debug|Any CPU.Build.0 = Debug|iPhoneSimulator
		{BAE7804E-9008-4010-A110-B815AFFEEDAD}.Debug|Any CPU.Deploy.0 = Debug|iPhoneSimulator
		{BAE7804E-9008-4010-A110-B815AFFEEDAD}.Debug|ARM.ActiveCfg = Debug|iPhone
		{BAE7804E-9008-4010-A110-B815AFFEEDAD}.Debug|ARM.Build.0 = Debug|iPhone
		{BAE7804E-9008-4010-A110-B815AFFEEDAD}.Debug|ARM.Deploy.0 = Debug|iPhone
		{BAE7804E-9008-4010-A110-B815AFFEEDAD}.Debug|iPhone.ActiveCfg = Debug|iPhone
		{BAE7804E-9008-4010-A110-B815AFFEEDAD}.Debug|iPhone.Build.0 = Debug|iPhone
		{BAE7804E-9008-4010-A110-B815AFFEEDAD}.Debug|iPhone.Deploy.0 = Debug|iPhone
		{BAE7804E-9008-4010-A110-B815AFFEEDAD}.Debug|iPhoneSimulator.ActiveCfg = Debug|iPhoneSimulator
		{BAE7804E-9008-4010-A110-B815AFFEEDAD}.Debug|iPhoneSimulator.Build.0 = Debug|iPhoneSimulator
		{BAE7804E-9008-4010-A110-B815AFFEEDAD}.Debug|iPhoneSimulator.Deploy.0 = Debug|iPhoneSimulator
		{BAE7804E-9008-4010-A110-B815AFFEEDAD}.Debug|x64.ActiveCfg = Debug|iPhone
		{BAE7804E-9008-4010-A110-B815AFFEEDAD}.Debug|x64.Build.0 = Debug|iPhone
		{BAE7804E-9008-4010-A110-B815AFFEEDAD}.Debug|x64.Deploy.0 = Debug|iPhone
		{BAE7804E-9008-4010-A110-B815AFFEEDAD}.Debug|x86.ActiveCfg = Debug|iPhone
		{BAE7804E-9008-4010-A110-B815AFFEEDAD}.Debug|x86.Build.0 = Debug|iPhone
		{BAE7804E-9008-4010-A110-B815AFFEEDAD}.Debug|x86.Deploy.0 = Debug|iPhone
		{BAE7804E-9008-4010-A110-B815AFFEEDAD}.Release|Any CPU.ActiveCfg = Release|iPhone
		{BAE7804E-9008-4010-A110-B815AFFEEDAD}.Release|Any CPU.Build.0 = Release|iPhone
		{BAE7804E-9008-4010-A110-B815AFFEEDAD}.Release|Any CPU.Deploy.0 = Release|iPhone
		{BAE7804E-9008-4010-A110-B815AFFEEDAD}.Release|ARM.ActiveCfg = Release|iPhone
		{BAE7804E-9008-4010-A110-B815AFFEEDAD}.Release|ARM.Build.0 = Release|iPhone
		{BAE7804E-9008-4010-A110-B815AFFEEDAD}.Release|ARM.Deploy.0 = Release|iPhone
		{BAE7804E-9008-4010-A110-B815AFFEEDAD}.Release|iPhone.ActiveCfg = Release|iPhone
		{BAE7804E-9008-4010-A110-B815AFFEEDAD}.Release|iPhone.Build.0 = Release|iPhone
		{BAE7804E-9008-4010-A110-B815AFFEEDAD}.Release|iPhone.Deploy.0 = Release|iPhone
		{BAE7804E-9008-4010-A110-B815AFFEEDAD}.Release|iPhoneSimulator.ActiveCfg = Release|iPhoneSimulator
		{BAE7804E-9008-4010-A110-B815AFFEEDAD}.Release|iPhoneSimulator.Build.0 = Release|iPhoneSimulator
		{BAE7804E-9008-4010-A110-B815AFFEEDAD}.Release|iPhoneSimulator.Deploy.0 = Release|iPhoneSimulator
		{BAE7804E-9008-4010-A110-B815AFFEEDAD}.Release|x64.ActiveCfg = Release|iPhone
		{BAE7804E-9008-4010-A110-B815AFFEEDAD}.Release|x64.Build.0 = Release|iPhone
		{BAE7804E-9008-4010-A110-B815AFFEEDAD}.Release|x64.Deploy.0 = Release|iPhone
		{BAE7804E-9008-4010-A110-B815AFFEEDAD}.Release|x86.ActiveCfg = Release|iPhone
		{BAE7804E-9008-4010-A110-B815AFFEEDAD}.Release|x86.Build.0 = Release|iPhone
		{BAE7804E-9008-4010-A110-B815AFFEEDAD}.Release|x86.Deploy.0 = Release|iPhone
		{5B34F48E-62FD-49CB-8BA1-D993295964FA}.Ad-Hoc|Any CPU.ActiveCfg = Release|x86
		{5B34F48E-62FD-49CB-8BA1-D993295964FA}.Ad-Hoc|Any CPU.Build.0 = Release|x86
		{5B34F48E-62FD-49CB-8BA1-D993295964FA}.Ad-Hoc|Any CPU.Deploy.0 = Release|x86
		{5B34F48E-62FD-49CB-8BA1-D993295964FA}.Ad-Hoc|ARM.ActiveCfg = Release|ARM
		{5B34F48E-62FD-49CB-8BA1-D993295964FA}.Ad-Hoc|ARM.Build.0 = Release|ARM
		{5B34F48E-62FD-49CB-8BA1-D993295964FA}.Ad-Hoc|ARM.Deploy.0 = Release|ARM
		{5B34F48E-62FD-49CB-8BA1-D993295964FA}.Ad-Hoc|iPhone.ActiveCfg = Release|x86
		{5B34F48E-62FD-49CB-8BA1-D993295964FA}.Ad-Hoc|iPhone.Build.0 = Release|x86
		{5B34F48E-62FD-49CB-8BA1-D993295964FA}.Ad-Hoc|iPhone.Deploy.0 = Release|x86
		{5B34F48E-62FD-49CB-8BA1-D993295964FA}.Ad-Hoc|iPhoneSimulator.ActiveCfg = Release|x86
		{5B34F48E-62FD-49CB-8BA1-D993295964FA}.Ad-Hoc|iPhoneSimulator.Build.0 = Release|x86
		{5B34F48E-62FD-49CB-8BA1-D993295964FA}.Ad-Hoc|iPhoneSimulator.Deploy.0 = Release|x86
		{5B34F48E-62FD-49CB-8BA1-D993295964FA}.Ad-Hoc|x64.ActiveCfg = Release|x64
		{5B34F48E-62FD-49CB-8BA1-D993295964FA}.Ad-Hoc|x64.Build.0 = Release|x64
		{5B34F48E-62FD-49CB-8BA1-D993295964FA}.Ad-Hoc|x64.Deploy.0 = Release|x64
		{5B34F48E-62FD-49CB-8BA1-D993295964FA}.Ad-Hoc|x86.ActiveCfg = Release|x86
		{5B34F48E-62FD-49CB-8BA1-D993295964FA}.Ad-Hoc|x86.Build.0 = Release|x86
		{5B34F48E-62FD-49CB-8BA1-D993295964FA}.Ad-Hoc|x86.Deploy.0 = Release|x86
		{5B34F48E-62FD-49CB-8BA1-D993295964FA}.AppStore|Any CPU.ActiveCfg = Release|x86
		{5B34F48E-62FD-49CB-8BA1-D993295964FA}.AppStore|Any CPU.Build.0 = Release|x86
		{5B34F48E-62FD-49CB-8BA1-D993295964FA}.AppStore|Any CPU.Deploy.0 = Release|x86
		{5B34F48E-62FD-49CB-8BA1-D993295964FA}.AppStore|ARM.ActiveCfg = Release|ARM
		{5B34F48E-62FD-49CB-8BA1-D993295964FA}.AppStore|ARM.Build.0 = Release|ARM
		{5B34F48E-62FD-49CB-8BA1-D993295964FA}.AppStore|ARM.Deploy.0 = Release|ARM
		{5B34F48E-62FD-49CB-8BA1-D993295964FA}.AppStore|iPhone.ActiveCfg = Release|x86
		{5B34F48E-62FD-49CB-8BA1-D993295964FA}.AppStore|iPhone.Build.0 = Release|x86
		{5B34F48E-62FD-49CB-8BA1-D993295964FA}.AppStore|iPhone.Deploy.0 = Release|x86
		{5B34F48E-62FD-49CB-8BA1-D993295964FA}.AppStore|iPhoneSimulator.ActiveCfg = Release|x86
		{5B34F48E-62FD-49CB-8BA1-D993295964FA}.AppStore|iPhoneSimulator.Build.0 = Release|x86
		{5B34F48E-62FD-49CB-8BA1-D993295964FA}.AppStore|iPhoneSimulator.Deploy.0 = Release|x86
		{5B34F48E-62FD-49CB-8BA1-D993295964FA}.AppStore|x64.ActiveCfg = Release|x64
		{5B34F48E-62FD-49CB-8BA1-D993295964FA}.AppStore|x64.Build.0 = Release|x64
		{5B34F48E-62FD-49CB-8BA1-D993295964FA}.AppStore|x64.Deploy.0 = Release|x64
		{5B34F48E-62FD-49CB-8BA1-D993295964FA}.AppStore|x86.ActiveCfg = Release|x86
		{5B34F48E-62FD-49CB-8BA1-D993295964FA}.AppStore|x86.Build.0 = Release|x86
		{5B34F48E-62FD-49CB-8BA1-D993295964FA}.AppStore|x86.Deploy.0 = Release|x86
		{5B34F48E-62FD-49CB-8BA1-D993295964FA}.Debug|Any CPU.ActiveCfg = Debug|x86
		{5B34F48E-62FD-49CB-8BA1-D993295964FA}.Debug|Any CPU.Build.0 = Debug|x86
		{5B34F48E-62FD-49CB-8BA1-D993295964FA}.Debug|Any CPU.Deploy.0 = Debug|x86
		{5B34F48E-62FD-49CB-8BA1-D993295964FA}.Debug|ARM.ActiveCfg = Debug|ARM
		{5B34F48E-62FD-49CB-8BA1-D993295964FA}.Debug|ARM.Build.0 = Debug|ARM
		{5B34F48E-62FD-49CB-8BA1-D993295964FA}.Debug|ARM.Deploy.0 = Debug|ARM
		{5B34F48E-62FD-49CB-8BA1-D993295964FA}.Debug|iPhone.ActiveCfg = Debug|x86
		{5B34F48E-62FD-49CB-8BA1-D993295964FA}.Debug|iPhone.Build.0 = Debug|x86
		{5B34F48E-62FD-49CB-8BA1-D993295964FA}.Debug|iPhone.Deploy.0 = Debug|x86
		{5B34F48E-62FD-49CB-8BA1-D993295964FA}.Debug|iPhoneSimulator.ActiveCfg = Debug|x86
		{5B34F48E-62FD-49CB-8BA1-D993295964FA}.Debug|iPhoneSimulator.Build.0 = Debug|x86
		{5B34F48E-62FD-49CB-8BA1-D993295964FA}.Debug|iPhoneSimulator.Deploy.0 = Debug|x86
		{5B34F48E-62FD-49CB-8BA1-D993295964FA}.Debug|x64.ActiveCfg = Debug|x64
		{5B34F48E-62FD-49CB-8BA1-D993295964FA}.Debug|x64.Build.0 = Debug|x64
		{5B34F48E-62FD-49CB-8BA1-D993295964FA}.Debug|x64.Deploy.0 = Debug|x64
		{5B34F48E-62FD-49CB-8BA1-D993295964FA}.Debug|x86.ActiveCfg = Debug|x86
		{5B34F48E-62FD-49CB-8BA1-D993295964FA}.Debug|x86.Build.0 = Debug|x86
		{5B34F48E-62FD-49CB-8BA1-D993295964FA}.Debug|x86.Deploy.0 = Debug|x86
		{5B34F48E-62FD-49CB-8BA1-D993295964FA}.Release|Any CPU.ActiveCfg = Release|x86
		{5B34F48E-62FD-49CB-8BA1-D993295964FA}.Release|Any CPU.Build.0 = Release|x86
		{5B34F48E-62FD-49CB-8BA1-D993295964FA}.Release|Any CPU.Deploy.0 = Release|x86
		{5B34F48E-62FD-49CB-8BA1-D993295964FA}.Release|ARM.ActiveCfg = Release|ARM
		{5B34F48E-62FD-49CB-8BA1-D993295964FA}.Release|ARM.Build.0 = Release|ARM
		{5B34F48E-62FD-49CB-8BA1-D993295964FA}.Release|ARM.Deploy.0 = Release|ARM
		{5B34F48E-62FD-49CB-8BA1-D993295964FA}.Release|iPhone.ActiveCfg = Release|x86
		{5B34F48E-62FD-49CB-8BA1-D993295964FA}.Release|iPhone.Build.0 = Release|x86
		{5B34F48E-62FD-49CB-8BA1-D993295964FA}.Release|iPhone.Deploy.0 = Release|x86
		{5B34F48E-62FD-49CB-8BA1-D993295964FA}.Release|iPhoneSimulator.ActiveCfg = Release|x86
		{5B34F48E-62FD-49CB-8BA1-D993295964FA}.Release|iPhoneSimulator.Build.0 = Release|x86
		{5B34F48E-62FD-49CB-8BA1-D993295964FA}.Release|iPhoneSimulator.Deploy.0 = Release|x86
		{5B34F48E-62FD-49CB-8BA1-D993295964FA}.Release|x64.ActiveCfg = Release|x64
		{5B34F48E-62FD-49CB-8BA1-D993295964FA}.Release|x64.Build.0 = Release|x64
		{5B34F48E-62FD-49CB-8BA1-D993295964FA}.Release|x64.Deploy.0 = Release|x64
		{5B34F48E-62FD-49CB-8BA1-D993295964FA}.Release|x86.ActiveCfg = Release|x86
		{5B34F48E-62FD-49CB-8BA1-D993295964FA}.Release|x86.Build.0 = Release|x86
		{5B34F48E-62FD-49CB-8BA1-D993295964FA}.Release|x86.Deploy.0 = Release|x86
		{4E155BDB-E084-45D4-A82A-1A34438C75DE}.Ad-Hoc|Any CPU.ActiveCfg = Debug|Any CPU
		{4E155BDB-E084-45D4-A82A-1A34438C75DE}.Ad-Hoc|Any CPU.Build.0 = Debug|Any CPU
		{4E155BDB-E084-45D4-A82A-1A34438C75DE}.Ad-Hoc|Any CPU.Deploy.0 = Debug|Any CPU
		{4E155BDB-E084-45D4-A82A-1A34438C75DE}.Ad-Hoc|ARM.ActiveCfg = Debug|Any CPU
		{4E155BDB-E084-45D4-A82A-1A34438C75DE}.Ad-Hoc|ARM.Build.0 = Debug|Any CPU
		{4E155BDB-E084-45D4-A82A-1A34438C75DE}.Ad-Hoc|ARM.Deploy.0 = Debug|Any CPU
		{4E155BDB-E084-45D4-A82A-1A34438C75DE}.Ad-Hoc|iPhone.ActiveCfg = Debug|Any CPU
		{4E155BDB-E084-45D4-A82A-1A34438C75DE}.Ad-Hoc|iPhone.Build.0 = Debug|Any CPU
		{4E155BDB-E084-45D4-A82A-1A34438C75DE}.Ad-Hoc|iPhone.Deploy.0 = Debug|Any CPU
		{4E155BDB-E084-45D4-A82A-1A34438C75DE}.Ad-Hoc|iPhoneSimulator.ActiveCfg = Debug|Any CPU
		{4E155BDB-E084-45D4-A82A-1A34438C75DE}.Ad-Hoc|iPhoneSimulator.Build.0 = Debug|Any CPU
		{4E155BDB-E084-45D4-A82A-1A34438C75DE}.Ad-Hoc|iPhoneSimulator.Deploy.0 = Debug|Any CPU
		{4E155BDB-E084-45D4-A82A-1A34438C75DE}.Ad-Hoc|x64.ActiveCfg = Debug|Any CPU
		{4E155BDB-E084-45D4-A82A-1A34438C75DE}.Ad-Hoc|x64.Build.0 = Debug|Any CPU
		{4E155BDB-E084-45D4-A82A-1A34438C75DE}.Ad-Hoc|x64.Deploy.0 = Debug|Any CPU
		{4E155BDB-E084-45D4-A82A-1A34438C75DE}.Ad-Hoc|x86.ActiveCfg = Debug|Any CPU
		{4E155BDB-E084-45D4-A82A-1A34438C75DE}.Ad-Hoc|x86.Build.0 = Debug|Any CPU
		{4E155BDB-E084-45D4-A82A-1A34438C75DE}.Ad-Hoc|x86.Deploy.0 = Debug|Any CPU
		{4E155BDB-E084-45D4-A82A-1A34438C75DE}.AppStore|Any CPU.ActiveCfg = Debug|Any CPU
		{4E155BDB-E084-45D4-A82A-1A34438C75DE}.AppStore|Any CPU.Build.0 = Debug|Any CPU
		{4E155BDB-E084-45D4-A82A-1A34438C75DE}.AppStore|Any CPU.Deploy.0 = Debug|Any CPU
		{4E155BDB-E084-45D4-A82A-1A34438C75DE}.AppStore|ARM.ActiveCfg = Debug|Any CPU
		{4E155BDB-E084-45D4-A82A-1A34438C75DE}.AppStore|ARM.Build.0 = Debug|Any CPU
		{4E155BDB-E084-45D4-A82A-1A34438C75DE}.AppStore|ARM.Deploy.0 = Debug|Any CPU
		{4E155BDB-E084-45D4-A82A-1A34438C75DE}.AppStore|iPhone.ActiveCfg = Debug|Any CPU
		{4E155BDB-E084-45D4-A82A-1A34438C75DE}.AppStore|iPhone.Build.0 = Debug|Any CPU
		{4E155BDB-E084-45D4-A82A-1A34438C75DE}.AppStore|iPhone.Deploy.0 = Debug|Any CPU
		{4E155BDB-E084-45D4-A82A-1A34438C75DE}.AppStore|iPhoneSimulator.ActiveCfg = Debug|Any CPU
		{4E155BDB-E084-45D4-A82A-1A34438C75DE}.AppStore|iPhoneSimulator.Build.0 = Debug|Any CPU
		{4E155BDB-E084-45D4-A82A-1A34438C75DE}.AppStore|iPhoneSimulator.Deploy.0 = Debug|Any CPU
		{4E155BDB-E084-45D4-A82A-1A34438C75DE}.AppStore|x64.ActiveCfg = Debug|Any CPU
		{4E155BDB-E084-45D4-A82A-1A34438C75DE}.AppStore|x64.Build.0 = Debug|Any CPU
		{4E155BDB-E084-45D4-A82A-1A34438C75DE}.AppStore|x64.Deploy.0 = Debug|Any CPU
		{4E155BDB-E084-45D4-A82A-1A34438C75DE}.AppStore|x86.ActiveCfg = Debug|Any CPU
		{4E155BDB-E084-45D4-A82A-1A34438C75DE}.AppStore|x86.Build.0 = Debug|Any CPU
		{4E155BDB-E084-45D4-A82A-1A34438C75DE}.AppStore|x86.Deploy.0 = Debug|Any CPU
		{4E155BDB-E084-45D4-A82A-1A34438C75DE}.Debug|Any CPU.ActiveCfg = Debug|Any CPU
		{4E155BDB-E084-45D4-A82A-1A34438C75DE}.Debug|Any CPU.Build.0 = Debug|Any CPU
		{4E155BDB-E084-45D4-A82A-1A34438C75DE}.Debug|Any CPU.Deploy.0 = Debug|Any CPU
		{4E155BDB-E084-45D4-A82A-1A34438C75DE}.Debug|ARM.ActiveCfg = Debug|Any CPU
		{4E155BDB-E084-45D4-A82A-1A34438C75DE}.Debug|ARM.Build.0 = Debug|Any CPU
		{4E155BDB-E084-45D4-A82A-1A34438C75DE}.Debug|ARM.Deploy.0 = Debug|Any CPU
		{4E155BDB-E084-45D4-A82A-1A34438C75DE}.Debug|iPhone.ActiveCfg = Debug|Any CPU
		{4E155BDB-E084-45D4-A82A-1A34438C75DE}.Debug|iPhone.Build.0 = Debug|Any CPU
		{4E155BDB-E084-45D4-A82A-1A34438C75DE}.Debug|iPhone.Deploy.0 = Debug|Any CPU
		{4E155BDB-E084-45D4-A82A-1A34438C75DE}.Debug|iPhoneSimulator.ActiveCfg = Debug|Any CPU
		{4E155BDB-E084-45D4-A82A-1A34438C75DE}.Debug|iPhoneSimulator.Build.0 = Debug|Any CPU
		{4E155BDB-E084-45D4-A82A-1A34438C75DE}.Debug|iPhoneSimulator.Deploy.0 = Debug|Any CPU
		{4E155BDB-E084-45D4-A82A-1A34438C75DE}.Debug|x64.ActiveCfg = Debug|Any CPU
		{4E155BDB-E084-45D4-A82A-1A34438C75DE}.Debug|x64.Build.0 = Debug|Any CPU
		{4E155BDB-E084-45D4-A82A-1A34438C75DE}.Debug|x64.Deploy.0 = Debug|Any CPU
		{4E155BDB-E084-45D4-A82A-1A34438C75DE}.Debug|x86.ActiveCfg = Debug|Any CPU
		{4E155BDB-E084-45D4-A82A-1A34438C75DE}.Debug|x86.Build.0 = Debug|Any CPU
		{4E155BDB-E084-45D4-A82A-1A34438C75DE}.Debug|x86.Deploy.0 = Debug|Any CPU
		{4E155BDB-E084-45D4-A82A-1A34438C75DE}.Release|Any CPU.ActiveCfg = Release|Any CPU
		{4E155BDB-E084-45D4-A82A-1A34438C75DE}.Release|Any CPU.Build.0 = Release|Any CPU
		{4E155BDB-E084-45D4-A82A-1A34438C75DE}.Release|Any CPU.Deploy.0 = Release|Any CPU
		{4E155BDB-E084-45D4-A82A-1A34438C75DE}.Release|ARM.ActiveCfg = Release|Any CPU
		{4E155BDB-E084-45D4-A82A-1A34438C75DE}.Release|ARM.Build.0 = Release|Any CPU
		{4E155BDB-E084-45D4-A82A-1A34438C75DE}.Release|ARM.Deploy.0 = Release|Any CPU
		{4E155BDB-E084-45D4-A82A-1A34438C75DE}.Release|iPhone.ActiveCfg = Release|Any CPU
		{4E155BDB-E084-45D4-A82A-1A34438C75DE}.Release|iPhone.Build.0 = Release|Any CPU
		{4E155BDB-E084-45D4-A82A-1A34438C75DE}.Release|iPhone.Deploy.0 = Release|Any CPU
		{4E155BDB-E084-45D4-A82A-1A34438C75DE}.Release|iPhoneSimulator.ActiveCfg = Release|Any CPU
		{4E155BDB-E084-45D4-A82A-1A34438C75DE}.Release|iPhoneSimulator.Build.0 = Release|Any CPU
		{4E155BDB-E084-45D4-A82A-1A34438C75DE}.Release|iPhoneSimulator.Deploy.0 = Release|Any CPU
		{4E155BDB-E084-45D4-A82A-1A34438C75DE}.Release|x64.ActiveCfg = Release|Any CPU
		{4E155BDB-E084-45D4-A82A-1A34438C75DE}.Release|x64.Build.0 = Release|Any CPU
		{4E155BDB-E084-45D4-A82A-1A34438C75DE}.Release|x64.Deploy.0 = Release|Any CPU
		{4E155BDB-E084-45D4-A82A-1A34438C75DE}.Release|x86.ActiveCfg = Release|Any CPU
		{4E155BDB-E084-45D4-A82A-1A34438C75DE}.Release|x86.Build.0 = Release|Any CPU
		{4E155BDB-E084-45D4-A82A-1A34438C75DE}.Release|x86.Deploy.0 = Release|Any CPU
	EndGlobalSection
	GlobalSection(SolutionProperties) = preSolution
		HideSolutionNode = FALSE
	EndGlobalSection
	GlobalSection(ExtensibilityGlobals) = postSolution
		SolutionGuid = {E282F062-231B-4FFD-A20D-39EA1BA43250}
	EndGlobalSection
EndGlobal
